
Microsoft Visual Studio Solution File, Format Version 12.00
# Visual Studio Version 16
VisualStudioVersion = 16.0.30114.105
MinimumVisualStudioVersion = 10.0.40219.1
Project("{FAE04EC0-301F-11D3-BF4B-00C04F79EFBC}") = "Tek4TV.Devices", "Tek4TV.Devices.csproj", "{D754DF09-11F3-4EE2-BD66-2A12B555C7E2}"
EndProject
Global
	GlobalSection(SolutionConfigurationPlatforms) = preSolution
		Debug|Any CPU = Debug|Any CPU
		Release|Any CPU = Release|Any CPU
	EndGlobalSection
	GlobalSection(ProjectConfigurationPlatforms) = postSolution
		{D754DF09-11F3-4EE2-BD66-2A12B555C7E2}.Debug|Any CPU.ActiveCfg = Debug|Any CPU
		{D754DF09-11F3-4EE2-BD66-2A12B555C7E2}.Debug|Any CPU.Build.0 = Debug|Any CPU
		{D754DF09-11F3-4EE2-BD66-2A12B555C7E2}.Release|Any CPU.ActiveCfg = Release|Any CPU
		{D754DF09-11F3-4EE2-BD66-2A12B555C7E2}.Release|Any CPU.Build.0 = Release|Any CPU
	EndGlobalSection
	GlobalSection(SolutionProperties) = preSolution
		HideSolutionNode = FALSE
	EndGlobalSection
	GlobalSection(ExtensibilityGlobals) = postSolution
		SolutionGuid = {D574FBB7-D697-4FF4-914B-9168EFA811D9}
	EndGlobalSection
EndGlobal
